
Microsoft Visual Studio Solution File, Format Version 12.00
# Visual Studio 15
VisualStudioVersion = 15.0.26430.6
MinimumVisualStudioVersion = 10.0.40219.1
Project("{8BC9CEB8-8B4A-11D0-8D11-00A0C91BC942}") = "MirageEngine", "MirageEngine\MirageEngine.vcxproj", "{15CA0B3E-5723-4558-B65C-5F3AC11ED68F}"
EndProject
Project("{8BC9CEB8-8B4A-11D0-8D11-00A0C91BC942}") = "MirageWin32", "EngineTest\EngineTest.vcxproj", "{DBB39D7D-FD10-4255-BB89-9B9AA9413721}"
EndProject
Project("{2150E333-8FDC-42A3-9474-1A3956D46DE8}") = "MirageAndroid", "MirageAndroid", "{F1AB4A83-612A-4A58-A274-D73B0D29BB64}"
EndProject
Project("{39E2626F-3545-4960-A6E8-258AD8476CE5}") = "MirageAndroid.Packaging", "MirageAndroid\MirageAndroid.Packaging\MirageAndroid.Packaging.androidproj", "{BE908680-AF57-475E-9084-2CE83EA357D5}"
EndProject
Project("{8BC9CEB8-8B4A-11D0-8D11-00A0C91BC942}") = "MirageAndroid.NativeActivity", "MirageAndroid\MirageAndroid.NativeActivity\MirageAndroid.NativeActivity.vcxproj", "{B1C8A8D2-9DFD-4668-A78F-71F98651B5EA}"
EndProject
Global
	GlobalSection(SolutionConfigurationPlatforms) = preSolution
		Debug|ARM = Debug|ARM
		Debug|ARM64 = Debug|ARM64
		Debug|x64 = Debug|x64
		Debug|x86 = Debug|x86
		Release|ARM = Release|ARM
		Release|ARM64 = Release|ARM64
		Release|x64 = Release|x64
		Release|x86 = Release|x86
	EndGlobalSection
	GlobalSection(ProjectConfigurationPlatforms) = postSolution
		{15CA0B3E-5723-4558-B65C-5F3AC11ED68F}.Debug|ARM.ActiveCfg = Debug|Win32
		{15CA0B3E-5723-4558-B65C-5F3AC11ED68F}.Debug|ARM64.ActiveCfg = Debug|Win32
		{15CA0B3E-5723-4558-B65C-5F3AC11ED68F}.Debug|x64.ActiveCfg = Debug|x64
		{15CA0B3E-5723-4558-B65C-5F3AC11ED68F}.Debug|x64.Build.0 = Debug|x64
		{15CA0B3E-5723-4558-B65C-5F3AC11ED68F}.Debug|x86.ActiveCfg = Debug|Win32
		{15CA0B3E-5723-4558-B65C-5F3AC11ED68F}.Debug|x86.Build.0 = Debug|Win32
		{15CA0B3E-5723-4558-B65C-5F3AC11ED68F}.Release|ARM.ActiveCfg = Release|Win32
		{15CA0B3E-5723-4558-B65C-5F3AC11ED68F}.Release|ARM64.ActiveCfg = Release|Win32
		{15CA0B3E-5723-4558-B65C-5F3AC11ED68F}.Release|x64.ActiveCfg = Release|x64
		{15CA0B3E-5723-4558-B65C-5F3AC11ED68F}.Release|x64.Build.0 = Release|x64
		{15CA0B3E-5723-4558-B65C-5F3AC11ED68F}.Release|x86.ActiveCfg = Release|Win32
		{15CA0B3E-5723-4558-B65C-5F3AC11ED68F}.Release|x86.Build.0 = Release|Win32
		{DBB39D7D-FD10-4255-BB89-9B9AA9413721}.Debug|ARM.ActiveCfg = Debug|Win32
		{DBB39D7D-FD10-4255-BB89-9B9AA9413721}.Debug|ARM64.ActiveCfg = Debug|Win32
		{DBB39D7D-FD10-4255-BB89-9B9AA9413721}.Debug|x64.ActiveCfg = Debug|x64
		{DBB39D7D-FD10-4255-BB89-9B9AA9413721}.Debug|x64.Build.0 = Debug|x64
		{DBB39D7D-FD10-4255-BB89-9B9AA9413721}.Debug|x86.ActiveCfg = Debug|Win32
		{DBB39D7D-FD10-4255-BB89-9B9AA9413721}.Debug|x86.Build.0 = Debug|Win32
		{DBB39D7D-FD10-4255-BB89-9B9AA9413721}.Release|ARM.ActiveCfg = Release|Win32
		{DBB39D7D-FD10-4255-BB89-9B9AA9413721}.Release|ARM64.ActiveCfg = Release|Win32
		{DBB39D7D-FD10-4255-BB89-9B9AA9413721}.Release|x64.ActiveCfg = Release|x64
		{DBB39D7D-FD10-4255-BB89-9B9AA9413721}.Release|x64.Build.0 = Release|x64
		{DBB39D7D-FD10-4255-BB89-9B9AA9413721}.Release|x86.ActiveCfg = Release|Win32
		{DBB39D7D-FD10-4255-BB89-9B9AA9413721}.Release|x86.Build.0 = Release|Win32
		{BE908680-AF57-475E-9084-2CE83EA357D5}.Debug|ARM.ActiveCfg = Debug|ARM
		{BE908680-AF57-475E-9084-2CE83EA357D5}.Debug|ARM.Build.0 = Debug|ARM
		{BE908680-AF57-475E-9084-2CE83EA357D5}.Debug|ARM.Deploy.0 = Debug|ARM
		{BE908680-AF57-475E-9084-2CE83EA357D5}.Debug|ARM64.ActiveCfg = Debug|ARM64
		{BE908680-AF57-475E-9084-2CE83EA357D5}.Debug|ARM64.Build.0 = Debug|ARM64
		{BE908680-AF57-475E-9084-2CE83EA357D5}.Debug|ARM64.Deploy.0 = Debug|ARM64
		{BE908680-AF57-475E-9084-2CE83EA357D5}.Debug|x64.ActiveCfg = Debug|x64
		{BE908680-AF57-475E-9084-2CE83EA357D5}.Debug|x64.Build.0 = Debug|x64
		{BE908680-AF57-475E-9084-2CE83EA357D5}.Debug|x64.Deploy.0 = Debug|x64
		{BE908680-AF57-475E-9084-2CE83EA357D5}.Debug|x86.ActiveCfg = Debug|x86
		{BE908680-AF57-475E-9084-2CE83EA357D5}.Debug|x86.Build.0 = Debug|x86
		{BE908680-AF57-475E-9084-2CE83EA357D5}.Debug|x86.Deploy.0 = Debug|x86
		{BE908680-AF57-475E-9084-2CE83EA357D5}.Release|ARM.ActiveCfg = Release|ARM
		{BE908680-AF57-475E-9084-2CE83EA357D5}.Release|ARM.Build.0 = Release|ARM
		{BE908680-AF57-475E-9084-2CE83EA357D5}.Release|ARM.Deploy.0 = Release|ARM
		{BE908680-AF57-475E-9084-2CE83EA357D5}.Release|ARM64.ActiveCfg = Release|ARM64
		{BE908680-AF57-475E-9084-2CE83EA357D5}.Release|ARM64.Build.0 = Release|ARM64
		{BE908680-AF57-475E-9084-2CE83EA357D5}.Release|ARM64.Deploy.0 = Release|ARM64
		{BE908680-AF57-475E-9084-2CE83EA357D5}.Release|x64.ActiveCfg = Release|x64
		{BE908680-AF57-475E-9084-2CE83EA357D5}.Release|x64.Build.0 = Release|x64
		{BE908680-AF57-475E-9084-2CE83EA357D5}.Release|x64.Deploy.0 = Release|x64
		{BE908680-AF57-475E-9084-2CE83EA357D5}.Release|x86.ActiveCfg = Release|x86
		{BE908680-AF57-475E-9084-2CE83EA357D5}.Release|x86.Build.0 = Release|x86
		{BE908680-AF57-475E-9084-2CE83EA357D5}.Release|x86.Deploy.0 = Release|x86
		{B1C8A8D2-9DFD-4668-A78F-71F98651B5EA}.Debug|ARM.ActiveCfg = Debug|ARM
		{B1C8A8D2-9DFD-4668-A78F-71F98651B5EA}.Debug|ARM.Build.0 = Debug|ARM
		{B1C8A8D2-9DFD-4668-A78F-71F98651B5EA}.Debug|ARM64.ActiveCfg = Debug|ARM64
		{B1C8A8D2-9DFD-4668-A78F-71F98651B5EA}.Debug|ARM64.Build.0 = Debug|ARM64
		{B1C8A8D2-9DFD-4668-A78F-71F98651B5EA}.Debug|x64.ActiveCfg = Debug|x64
		{B1C8A8D2-9DFD-4668-A78F-71F98651B5EA}.Debug|x64.Build.0 = Debug|x64
		{B1C8A8D2-9DFD-4668-A78F-71F98651B5EA}.Debug|x86.ActiveCfg = Debug|x86
		{B1C8A8D2-9DFD-4668-A78F-71F98651B5EA}.Debug|x86.Build.0 = Debug|x86
		{B1C8A8D2-9DFD-4668-A78F-71F98651B5EA}.Release|ARM.ActiveCfg = Release|ARM
		{B1C8A8D2-9DFD-4668-A78F-71F98651B5EA}.Release|ARM.Build.0 = Release|ARM
		{B1C8A8D2-9DFD-4668-A78F-71F98651B5EA}.Release|ARM64.ActiveCfg = Release|ARM64
		{B1C8A8D2-9DFD-4668-A78F-71F98651B5EA}.Release|ARM64.Build.0 = Release|ARM64
		{B1C8A8D2-9DFD-4668-A78F-71F98651B5EA}.Release|x64.ActiveCfg = Release|x64
		{B1C8A8D2-9DFD-4668-A78F-71F98651B5EA}.Release|x64.Build.0 = Release|x64
		{B1C8A8D2-9DFD-4668-A78F-71F98651B5EA}.Release|x86.ActiveCfg = Release|x86
		{B1C8A8D2-9DFD-4668-A78F-71F98651B5EA}.Release|x86.Build.0 = Release|x86
	EndGlobalSection
	GlobalSection(SolutionProperties) = preSolution
		HideSolutionNode = FALSE
	EndGlobalSection
	GlobalSection(NestedProjects) = preSolution
		{BE908680-AF57-475E-9084-2CE83EA357D5} = {F1AB4A83-612A-4A58-A274-D73B0D29BB64}
		{B1C8A8D2-9DFD-4668-A78F-71F98651B5EA} = {F1AB4A83-612A-4A58-A274-D73B0D29BB64}
	EndGlobalSection
EndGlobal
