<?xml version="1.0" encoding="utf-8"?>
<Project ToolsVersion="4.0" xmlns="http://schemas.microsoft.com/developer/msbuild/2003">
  <ItemGroup>
    <Text Include="ReadMe.txt" />
  </ItemGroup>
  <ItemGroup>
    <Filter Include="Core">
      <UniqueIdentifier>{95b33b0b-fcea-4509-b808-d3dc0742f0c2}</UniqueIdentifier>
    </Filter>
    <Filter Include="Core\Math">
      <UniqueIdentifier>{bab3051a-783f-4302-9f81-8a51990d24cd}</UniqueIdentifier>
    </Filter>
    <Filter Include="Core\Allocator">
      <UniqueIdentifier>{565e3fa6-e47a-46ca-819d-eae4d88fee9b}</UniqueIdentifier>
    </Filter>
    <Filter Include="Core\Container">
      <UniqueIdentifier>{f145d690-b068-4821-9835-595b67603ed7}</UniqueIdentifier>
    </Filter>
    <Filter Include="Core\HAL">
      <UniqueIdentifier>{bcdea487-bb70-4025-8b33-6996c68d6a3c}</UniqueIdentifier>
    </Filter>
    <Filter Include="Core\Android">
      <UniqueIdentifier>{8b8b2648-9e0f-4672-848f-4cc5d048585a}</UniqueIdentifier>
    </Filter>
    <Filter Include="Core\Windows">
      <UniqueIdentifier>{660a32a8-6752-4aae-b054-54e33a6783f1}</UniqueIdentifier>
    </Filter>
  </ItemGroup>
  <ItemGroup>
    <ClCompile Include="Core\Math\TMath.cpp">
      <Filter>Core\Math</Filter>
    </ClCompile>
    <ClCompile Include="Core\Math\TMatrix.cpp">
      <Filter>Core\Math</Filter>
    </ClCompile>
    <ClCompile Include="Core\Math\TRotater.cpp">
      <Filter>Core\Math</Filter>
    </ClCompile>
    <ClCompile Include="Core\Math\TTransform.cpp">
      <Filter>Core\Math</Filter>
    </ClCompile>
    <ClCompile Include="Core\Math\TVector2.cpp">
      <Filter>Core\Math</Filter>
    </ClCompile>
    <ClCompile Include="Core\Math\TVector3.cpp">
      <Filter>Core\Math</Filter>
    </ClCompile>
    <ClCompile Include="Core\Math\TVector4.cpp">
      <Filter>Core\Math</Filter>
    </ClCompile>
    <ClCompile Include="Core\Math\TColor.cpp">
      <Filter>Core\Math</Filter>
    </ClCompile>
    <ClCompile Include="Core\Math\TQuaternion.cpp">
      <Filter>Core\Math</Filter>
    </ClCompile>
  </ItemGroup>
  <ItemGroup>
    <ClInclude Include="Core\Math\TMath.h">
      <Filter>Core\Math</Filter>
    </ClInclude>
    <ClInclude Include="Core\Math\TMatrix.h">
      <Filter>Core\Math</Filter>
    </ClInclude>
    <ClInclude Include="Core\Math\TRotater.h">
      <Filter>Core\Math</Filter>
    </ClInclude>
    <ClInclude Include="Core\Math\TTransform.h">
      <Filter>Core\Math</Filter>
    </ClInclude>
    <ClInclude Include="Core\Math\TVector2.h">
      <Filter>Core\Math</Filter>
    </ClInclude>
    <ClInclude Include="Core\Math\TVector3.h">
      <Filter>Core\Math</Filter>
    </ClInclude>
    <ClInclude Include="Core\Math\TVector4.h">
      <Filter>Core\Math</Filter>
    </ClInclude>
    <ClInclude Include="Core\Math\TColor.h">
      <Filter>Core\Math</Filter>
    </ClInclude>
    <ClInclude Include="Core\Math\TQuaternion.h">
      <Filter>Core\Math</Filter>
    </ClInclude>
    <ClInclude Include="Core\Allocator\Allocator.h">
      <Filter>Core\Allocator</Filter>
    </ClInclude>
    <ClInclude Include="Core\Allocator\AllocatorBase.h">
      <Filter>Core\Allocator</Filter>
    </ClInclude>
    <ClInclude Include="Core\Allocator\DoubleEndedStackAllocator.h">
      <Filter>Core\Allocator</Filter>
    </ClInclude>
    <ClInclude Include="Core\Allocator\LinearAllocator.h">
      <Filter>Core\Allocator</Filter>
    </ClInclude>
    <ClInclude Include="Core\Allocator\MemoryPool.h">
      <Filter>Core\Allocator</Filter>
    </ClInclude>
    <ClInclude Include="Core\Allocator\PoolAllocator.h">
      <Filter>Core\Allocator</Filter>
    </ClInclude>
    <ClInclude Include="Core\Allocator\StackAllocator.h">
      <Filter>Core\Allocator</Filter>
    </ClInclude>
    <ClInclude Include="Core\HAL\Platform.h">
      <Filter>Core\HAL</Filter>
    </ClInclude>
    <ClInclude Include="Core\HAL\IOBase.h">
      <Filter>Core\HAL</Filter>
    </ClInclude>
  </ItemGroup>
</Project>